
Microsoft Visual Studio Solution File, Format Version 12.00
# Visual Studio Version 17
VisualStudioVersion = 17.8.34525.116
MinimumVisualStudioVersion = 10.0.40219.1
Project("{FAE04EC0-301F-11D3-BF4B-00C04F79EFBC}") = "MealChoicerMVCFinal", "MealChoicerMVCFinal\MealChoicerMVCFinal.csproj", "{4AA78578-6514-4485-B565-620C26290295}"
EndProject
Global
	GlobalSection(SolutionConfigurationPlatforms) = preSolution
		Debug|Any CPU = Debug|Any CPU
		Release|Any CPU = Release|Any CPU
	EndGlobalSection
	GlobalSection(ProjectConfigurationPlatforms) = postSolution
		{4AA78578-6514-4485-B565-620C26290295}.Debug|Any CPU.ActiveCfg = Debug|Any CPU
		{4AA78578-6514-4485-B565-620C26290295}.Debug|Any CPU.Build.0 = Debug|Any CPU
		{4AA78578-6514-4485-B565-620C26290295}.Release|Any CPU.ActiveCfg = Release|Any CPU
		{4AA78578-6514-4485-B565-620C26290295}.Release|Any CPU.Build.0 = Release|Any CPU
	EndGlobalSection
	GlobalSection(SolutionProperties) = preSolution
		HideSolutionNode = FALSE
	EndGlobalSection
	GlobalSection(ExtensibilityGlobals) = postSolution
		SolutionGuid = {93B59CCF-0AC1-4674-B5EC-ADE8B10AD54E}
	EndGlobalSection
EndGlobal
